
Microsoft Visual Studio Solution File, Format Version 12.00
# Visual Studio Version 17
VisualStudioVersion = 17.6.33801.468
MinimumVisualStudioVersion = 10.0.40219.1
Project("{FAE04EC0-301F-11D3-BF4B-00C04F79EFBC}") = "API", "API\API.csproj", "{1FD439B3-3CE0-4AE6-8A42-1CB072920AFB}"
EndProject
Global
	GlobalSection(SolutionConfigurationPlatforms) = preSolution
		Debug|Any CPU = Debug|Any CPU
		Release|Any CPU = Release|Any CPU
	EndGlobalSection
	GlobalSection(ProjectConfigurationPlatforms) = postSolution
		{1FD439B3-3CE0-4AE6-8A42-1CB072920AFB}.Debug|Any CPU.ActiveCfg = Debug|Any CPU
		{1FD439B3-3CE0-4AE6-8A42-1CB072920AFB}.Debug|Any CPU.Build.0 = Debug|Any CPU
		{1FD439B3-3CE0-4AE6-8A42-1CB072920AFB}.Release|Any CPU.ActiveCfg = Release|Any CPU
		{1FD439B3-3CE0-4AE6-8A42-1CB072920AFB}.Release|Any CPU.Build.0 = Release|Any CPU
	EndGlobalSection
	GlobalSection(SolutionProperties) = preSolution
		HideSolutionNode = FALSE
	EndGlobalSection
	GlobalSection(ExtensibilityGlobals) = postSolution
		SolutionGuid = {6EAB59E2-F513-4385-9FF9-B8B49F2186D3}
	EndGlobalSection
EndGlobal
